
Microsoft Visual Studio Solution File, Format Version 12.00
Project("{FAE04EC0-301F-11D3-BF4B-00C04F79EFBC}") = "CustomIndicator", "CustomIndicator.csproj", "{4EA7A4EF-C076-40B3-A482-59916AC2195F}"
EndProject
Global
	GlobalSection(SolutionConfigurationPlatforms) = preSolution
		Debug|Any CPU = Debug|Any CPU
		Release|Any CPU = Release|Any CPU
	EndGlobalSection
	GlobalSection(ProjectConfigurationPlatforms) = postSolution
		{4EA7A4EF-C076-40B3-A482-59916AC2195F}.Debug|Any CPU.ActiveCfg = Debug|Any CPU
		{4EA7A4EF-C076-40B3-A482-59916AC2195F}.Debug|Any CPU.Build.0 = Debug|Any CPU
		{4EA7A4EF-C076-40B3-A482-59916AC2195F}.Release|Any CPU.ActiveCfg = Release|Any CPU
		{4EA7A4EF-C076-40B3-A482-59916AC2195F}.Release|Any CPU.Build.0 = Release|Any CPU
	EndGlobalSection
EndGlobal
